# THIS IS AN AUTOGENERATED FILE. DO NOT EDIT THIS FILE DIRECTLY.
# yarn lockfile v1


"@types/node@^10.14.17":
  version "10.17.40"
  resolved "http://nexus.office.tengyue360.com/repository/ty-fe-repos/@types/node/-/node-10.17.40.tgz#8a50e47daff15fd4a89dc56f5221b3729e506be6"
  integrity sha1-ilDkfa/xX9SoncVvUiGzcp5Qa+Y=

eventemitter3@^3.1.2:
  version "3.1.2"
  resolved "http://nexus.office.tengyue360.com/repository/ty-fe-repos/eventemitter3/-/eventemitter3-3.1.2.tgz#2d3d48f9c346698fce83a85d7d664e98535df6e7"
  integrity sha1-LT1I+cNGaY/Og6hdfWZOmFNd9uc=

peerjs-js-binarypack@1.0.1:
  version "1.0.1"
  resolved "http://nexus.office.tengyue360.com/repository/ty-fe-repos/peerjs-js-binarypack/-/peerjs-js-binarypack-1.0.1.tgz#80fa2b61c794a6b16d64253700405e476ada29be"
  integrity sha1-gPorYceUprFtZCU3AEBeR2raKb4=

peerjs@^1.3.1:
  version "1.3.1"
  resolved "http://nexus.office.tengyue360.com/repository/ty-fe-repos/peerjs/-/peerjs-1.3.1.tgz#80182351dc131e6912d06b71b23fd301994ba1aa"
  integrity sha1-gBgjUdwTHmkS0Gtxsj/TAZlLoao=
  dependencies:
    "@types/node" "^10.14.17"
    eventemitter3 "^3.1.2"
    peerjs-js-binarypack "1.0.1"
    webrtc-adapter "^7.3.0"

rtcpeerconnection-shim@^1.2.15:
  version "1.2.15"
  resolved "http://nexus.office.tengyue360.com/repository/ty-fe-repos/rtcpeerconnection-shim/-/rtcpeerconnection-shim-1.2.15.tgz#e7cc189a81b435324c4949aa3dfb51888684b243"
  integrity sha1-58wYmoG0NTJMSUmqPftRiIaEskM=
  dependencies:
    sdp "^2.6.0"

sdp@^2.12.0, sdp@^2.6.0:
  version "2.12.0"
  resolved "http://nexus.office.tengyue360.com/repository/ty-fe-repos/sdp/-/sdp-2.12.0.tgz#338a106af7560c86e4523f858349680350d53b22"
  integrity sha1-M4oQavdWDIbkUj+Fg0loA1DVOyI=

webrtc-adapter@^7.3.0:
  version "7.7.0"
  resolved "http://nexus.office.tengyue360.com/repository/ty-fe-repos/webrtc-adapter/-/webrtc-adapter-7.7.0.tgz#e56ff25f925177ac553a7c49323ca4108d2b5f4d"
  integrity sha1-5W/yX5JRd6xVOnxJMjykEI0rX00=
  dependencies:
    rtcpeerconnection-shim "^1.2.15"
    sdp "^2.12.0"
